
Microsoft Visual Studio Solution File, Format Version 11.00
# Visual Basic Express 2010
Project("{F184B08F-C81C-45F6-A57F-5ABD9991F28F}") = "Picture viewer", "Picture viewer\Picture viewer.vbproj", "{AB459CFA-FD9C-4B37-8DBC-0AF8FD44CD97}"
EndProject
Global
	GlobalSection(SolutionConfigurationPlatforms) = preSolution
		Debug|x86 = Debug|x86
		Release|x86 = Release|x86
	EndGlobalSection
	GlobalSection(ProjectConfigurationPlatforms) = postSolution
		{AB459CFA-FD9C-4B37-8DBC-0AF8FD44CD97}.Debug|x86.ActiveCfg = Debug|x86
		{AB459CFA-FD9C-4B37-8DBC-0AF8FD44CD97}.Debug|x86.Build.0 = Debug|x86
		{AB459CFA-FD9C-4B37-8DBC-0AF8FD44CD97}.Release|x86.ActiveCfg = Release|x86
		{AB459CFA-FD9C-4B37-8DBC-0AF8FD44CD97}.Release|x86.Build.0 = Release|x86
	EndGlobalSection
	GlobalSection(SolutionProperties) = preSolution
		HideSolutionNode = FALSE
	EndGlobalSection
EndGlobal
